# THIS IS AN AUTOGENERATED FILE. DO NOT EDIT THIS FILE DIRECTLY.
# yarn lockfile v1


decode-uri-component@^0.2.0:
  version "0.2.0"
  resolved "https://registry.yarnpkg.com/decode-uri-component/-/decode-uri-component-0.2.0.tgz#eb3913333458775cb84cd1a1fae062106bb87545"

flow-bin@^0.95.1:
  version "0.95.1"
  resolved "https://registry.yarnpkg.com/flow-bin/-/flow-bin-0.95.1.tgz#633113831ccff4b7ee70a2730f63fc43b69ba85f"

hoist-non-react-statics@^1.0.3:
  version "1.2.0"
  resolved "https://registry.yarnpkg.com/hoist-non-react-statics/-/hoist-non-react-statics-1.2.0.tgz#aa448cf0986d55cc40773b17174b7dd066cb7cfb"

humps@^2.0.1:
  version "2.0.1"
  resolved "https://registry.yarnpkg.com/humps/-/humps-2.0.1.tgz#dd02ea6081bd0568dc5d073184463957ba9ef9aa"

"js-tokens@^3.0.0 || ^4.0.0":
  version "4.0.0"
  resolved "https://registry.yarnpkg.com/js-tokens/-/js-tokens-4.0.0.tgz#19203fb59991df98e3a287050d4647cdeaf32499"

loose-envify@^1.1.0, loose-envify@^1.4.0:
  version "1.4.0"
  resolved "https://registry.yarnpkg.com/loose-envify/-/loose-envify-1.4.0.tgz#71ee51fa7be4caec1a63839f7e682d8132d30caf"
  dependencies:
    js-tokens "^3.0.0 || ^4.0.0"

object-assign@^4.1.1:
  version "4.1.1"
  resolved "https://registry.yarnpkg.com/object-assign/-/object-assign-4.1.1.tgz#2109adc7965887cfc05cbbd442cac8bfbb360863"

prop-types@^15.6.2:
  version "15.7.2"
  resolved "https://registry.yarnpkg.com/prop-types/-/prop-types-15.7.2.tgz#52c41e75b8c87e72b9d9360e0206b99dcbffa6c5"
  dependencies:
    loose-envify "^1.4.0"
    object-assign "^4.1.1"
    react-is "^16.8.1"

query-string@^6.4.0:
  version "6.4.0"
  resolved "https://registry.yarnpkg.com/query-string/-/query-string-6.4.0.tgz#1566c0cec3a2da2d82c222ed3f9e2a921dba5e6a"
  dependencies:
    decode-uri-component "^0.2.0"
    strict-uri-encode "^2.0.0"

react-async-script-loader@^0.3.0:
  version "0.3.0"
  resolved "https://registry.yarnpkg.com/react-async-script-loader/-/react-async-script-loader-0.3.0.tgz#c742b3ca25e08ba61ab7eb64371f814027692b86"
  dependencies:
    hoist-non-react-statics "^1.0.3"

react-is@^16.8.1:
  version "16.8.5"
  resolved "https://registry.yarnpkg.com/react-is/-/react-is-16.8.5.tgz#c54ac229dd66b5afe0de5acbe47647c3da692ff8"

react@^16.8.5:
  version "16.8.5"
  resolved "https://registry.yarnpkg.com/react/-/react-16.8.5.tgz#49be3b655489d74504ad994016407e8a0445de66"
  dependencies:
    loose-envify "^1.1.0"
    object-assign "^4.1.1"
    prop-types "^15.6.2"
    scheduler "^0.13.5"

scheduler@^0.13.5:
  version "0.13.5"
  resolved "https://registry.yarnpkg.com/scheduler/-/scheduler-0.13.5.tgz#b7226625167041298af3b98088a9dbbf6d7733a8"
  dependencies:
    loose-envify "^1.1.0"
    object-assign "^4.1.1"

strict-uri-encode@^2.0.0:
  version "2.0.0"
  resolved "https://registry.yarnpkg.com/strict-uri-encode/-/strict-uri-encode-2.0.0.tgz#b9c7330c7042862f6b142dc274bbcc5866ce3546"
